// !$*UTF8*$!
{
	archiveVersion = 1;
	classes = {
	};
	objectVersion = 46;
	objects = {

/* Begin PBXBuildFile section */
		D442DEBA1F22687A00DC0A1F /* AppDelegate.swift in Sources */ = {isa = PBXBuildFile; fileRef = D442DEB91F22687A00DC0A1F /* AppDelegate.swift */; };
		D442DEBC1F22687A00DC0A1F /* CollapsibleTableViewDemoVC.swift in Sources */ = {isa = PBXBuildFile; fileRef = D442DEBB1F22687A00DC0A1F /* CollapsibleTableViewDemoVC.swift */; };
		D442DEBF1F22687A00DC0A1F /* Main.storyboard in Resources */ = {isa = PBXBuildFile; fileRef = D442DEBD1F22687A00DC0A1F /* Main.storyboard */; };
		D442DEC11F22687B00DC0A1F /* Assets.xcassets in Resources */ = {isa = PBXBuildFile; fileRef = D442DEC01F22687B00DC0A1F /* Assets.xcassets */; };
		D442DEC41F22687B00DC0A1F /* LaunchScreen.storyboard in Resources */ = {isa = PBXBuildFile; fileRef = D442DEC21F22687B00DC0A1F /* LaunchScreen.storyboard */; };
		D46FF6451F226F4300C4A14B /* PseudoHeaderTableViewCell.swift in Sources */ = {isa = PBXBuildFile; fileRef = D46FF6441F226F4300C4A14B /* PseudoHeaderTableViewCell.swift */; };
/* End PBXBuildFile section */

/* Begin PBXFileReference section */
		D442DEB61F22687A00DC0A1F /* CollapsibleTableViewDemo.app */ = {isa = PBXFileReference; explicitFileType = wrapper.application; includeInIndex = 0; path = CollapsibleTableViewDemo.app; sourceTree = BUILT_PRODUCTS_DIR; };
		D442DEB91F22687A00DC0A1F /* AppDelegate.swift */ = {isa = PBXFileReference; lastKnownFileType = sourcecode.swift; path = AppDelegate.swift; sourceTree = "<group>"; };
		D442DEBB1F22687A00DC0A1F /* CollapsibleTableViewDemoVC.swift */ = {isa = PBXFileReference; lastKnownFileType = sourcecode.swift; path = CollapsibleTableViewDemoVC.swift; sourceTree = "<group>"; };
		D442DEBE1F22687A00DC0A1F /* Base */ = {isa = PBXFileReference; lastKnownFileType = file.storyboard; name = Base; path = Base.lproj/Main.storyboard; sourceTree = "<group>"; };
		D442DEC01F22687B00DC0A1F /* Assets.xcassets */ = {isa = PBXFileReference; lastKnownFileType = folder.assetcatalog; path = Assets.xcassets; sourceTree = "<group>"; };
		D442DEC31F22687B00DC0A1F /* Base */ = {isa = PBXFileReference; lastKnownFileType = file.storyboard; name = Base; path = Base.lproj/LaunchScreen.storyboard; sourceTree = "<group>"; };
		D442DEC51F22687B00DC0A1F /* Info.plist */ = {isa = PBXFileReference; lastKnownFileType = text.plist.xml; path = Info.plist; sourceTree = "<group>"; };
		D46FF6441F226F4300C4A14B /* PseudoHeaderTableViewCell.swift */ = {isa = PBXFileReference; lastKnownFileType = sourcecode.swift; path = PseudoHeaderTableViewCell.swift; sourceTree = "<group>"; };
/* End PBXFileReference section */

/* Begin PBXFrameworksBuildPhase section */
		D442DEB31F22687A00DC0A1F /* Frameworks */ = {
			isa = PBXFrameworksBuildPhase;
			buildActionMask = 2147483647;
			files = (
			);
			runOnlyForDeploymentPostprocessing = 0;
		};
/* End PBXFrameworksBuildPhase section */

/* Begin PBXGroup section */
		D442DEAD1F22687A00DC0A1F = {
			isa = PBXGroup;
			children = (
				D442DEB81F22687A00DC0A1F /* CollapsibleTableViewDemo */,
				D442DEB71F22687A00DC0A1F /* Products */,
			);
			sourceTree = "<group>";
		};
		D442DEB71F22687A00DC0A1F /* Products */ = {
			isa = PBXGroup;
			children = (
				D442DEB61F22687A00DC0A1F /* CollapsibleTableViewDemo.app */,
			);
			name = Products;
			sourceTree = "<group>";
		};
		D442DEB81F22687A00DC0A1F /* CollapsibleTableViewDemo */ = {
			isa = PBXGroup;
			children = (
				D442DEB91F22687A00DC0A1F /* AppDelegate.swift */,
				D442DEBB1F22687A00DC0A1F /* CollapsibleTableViewDemoVC.swift */,
				D442DEBD1F22687A00DC0A1F /* Main.storyboard */,
				D46FF6441F226F4300C4A14B /* PseudoHeaderTableViewCell.swift */,
				D442DEC01F22687B00DC0A1F /* Assets.xcassets */,
				D442DEC21F22687B00DC0A1F /* LaunchScreen.storyboard */,
				D442DEC51F22687B00DC0A1F /* Info.plist */,
			);
			path = CollapsibleTableViewDemo;
			sourceTree = "<group>";
		};
/* End PBXGroup section */

/* Begin PBXNativeTarget section */
		D442DEB51F22687A00DC0A1F /* CollapsibleTableViewDemo */ = {
			isa = PBXNativeTarget;
			buildConfigurationList = D442DEC81F22687B00DC0A1F /* Build configuration list for PBXNativeTarget "CollapsibleTableViewDemo" */;
			buildPhases = (
				D442DEB21F22687A00DC0A1F /* Sources */,
				D442DEB31F22687A00DC0A1F /* Frameworks */,
				D442DEB41F22687A00DC0A1F /* Resources */,
			);
			buildRules = (
			);
			dependencies = (
			);
			name = CollapsibleTableViewDemo;
			productName = CollapsibleTableViewDemo;
			productReference = D442DEB61F22687A00DC0A1F /* CollapsibleTableViewDemo.app */;
			productType = "com.apple.product-type.application";
		};
/* End PBXNativeTarget section */

/* Begin PBXProject section */
		D442DEAE1F22687A00DC0A1F /* Project object */ = {
			isa = PBXProject;
			attributes = {
				LastSwiftUpdateCheck = 0830;
				LastUpgradeCheck = 0830;
				ORGANIZATIONNAME = "Vladimir Pavlov";
				TargetAttributes = {
					D442DEB51F22687A00DC0A1F = {
						CreatedOnToolsVersion = 8.3.2;
						DevelopmentTeam = 3UUNPVRU82;
						ProvisioningStyle = Automatic;
					};
				};
			};
			buildConfigurationList = D442DEB11F22687A00DC0A1F /* Build configuration list for PBXProject "CollapsibleTableViewDemo" */;
			compatibilityVersion = "Xcode 3.2";
			developmentRegion = English;
			hasScannedForEncodings = 0;
			knownRegions = (
				en,
				Base,
			);
			mainGroup = D442DEAD1F22687A00DC0A1F;
			productRefGroup = D442DEB71F22687A00DC0A1F /* Products */;
			projectDirPath = "";
			projectRoot = "";
			targets = (
				D442DEB51F22687A00DC0A1F /* CollapsibleTableViewDemo */,
			);
		};
/* End PBXProject section */

/* Begin PBXResourcesBuildPhase section */
		D442DEB41F22687A00DC0A1F /* Resources */ = {
			isa = PBXResourcesBuildPhase;
			buildActionMask = 2147483647;
			files = (
				D442DEC41F22687B00DC0A1F /* LaunchScreen.storyboard in Resources */,
				D442DEC11F22687B00DC0A1F /* Assets.xcassets in Resources */,
				D442DEBF1F22687A00DC0A1F /* Main.storyboard in Resources */,
			);
			runOnlyForDeploymentPostprocessing = 0;
		};
/* End PBXResourcesBuildPhase section */

/* Begin PBXSourcesBuildPhase section */
		D442DEB21F22687A00DC0A1F /* Sources */ = {
			isa = PBXSourcesBuildPhase;
			buildActionMask = 2147483647;
			files = (
				D442DEBC1F22687A00DC0A1F /* CollapsibleTableViewDemoVC.swift in Sources */,
				D46FF6451F226F4300C4A14B /* PseudoHeaderTableViewCell.swift in Sources */,
				D442DEBA1F22687A00DC0A1F /* AppDelegate.swift in Sources */,
			);
			runOnlyForDeploymentPostprocessing = 0;
		};
/* End PBXSourcesBuildPhase section */

/* Begin PBXVariantGroup section */
		D442DEBD1F22687A00DC0A1F /* Main.storyboard */ = {
			isa = PBXVariantGroup;
			children = (
				D442DEBE1F22687A00DC0A1F /* Base */,
			);
			name = Main.storyboard;
			sourceTree = "<group>";
		};
		D442DEC21F22687B00DC0A1F /* LaunchScreen.storyboard */ = {
			isa = PBXVariantGroup;
			children = (
				D442DEC31F22687B00DC0A1F /* Base */,
			);
			name = LaunchScreen.storyboard;
			sourceTree = "<group>";
		};
/* End PBXVariantGroup section */

/* Begin XCBuildConfiguration section */
		D442DEC61F22687B00DC0A1F /* Debug */ = {
			isa = XCBuildConfiguration;
			buildSettings = {
				ALWAYS_SEARCH_USER_PATHS = NO;
				CLANG_ANALYZER_NONNULL = YES;
				CLANG_ANALYZER_NUMBER_OBJECT_CONVERSION = YES_AGGRESSIVE;
				CLANG_CXX_LANGUAGE_STANDARD = "gnu++0x";
				CLANG_CXX_LIBRARY = "libc++";
				CLANG_ENABLE_MODULES = YES;
				CLANG_ENABLE_OBJC_ARC = YES;
				CLANG_WARN_BOOL_CONVERSION = YES;
				CLANG_WARN_CONSTANT_CONVERSION = YES;
				CLANG_WARN_DIRECT_OBJC_ISA_USAGE = YES_ERROR;
				CLANG_WARN_DOCUMENTATION_COMMENTS = YES;
				CLANG_WARN_EMPTY_BODY = YES;
				CLANG_WARN_ENUM_CONVERSION = YES;
				CLANG_WARN_INFINITE_RECURSION = YES;
				CLANG_WARN_INT_CONVERSION = YES;
				CLANG_WARN_OBJC_ROOT_CLASS = YES_ERROR;
				CLANG_WARN_SUSPICIOUS_MOVE = YES;
				CLANG_WARN_UNREACHABLE_CODE = YES;
				CLANG_WARN__DUPLICATE_METHOD_MATCH = YES;
				"CODE_SIGN_IDENTITY[sdk=iphoneos*]" = "iPhone Developer";
				COPY_PHASE_STRIP = NO;
				DEBUG_INFORMATION_FORMAT = dwarf;
				ENABLE_STRICT_OBJC_MSGSEND = YES;
				ENABLE_TESTABILITY = YES;
				GCC_C_LANGUAGE_STANDARD = gnu99;
				GCC_DYNAMIC_NO_PIC = NO;
				GCC_NO_COMMON_BLOCKS = YES;
				GCC_OPTIMIZATION_LEVEL = 0;
				GCC_PREPROCESSOR_DEFINITIONS = (
					"DEBUG=1",
					"$(inherited)",
				);
				GCC_WARN_64_TO_32_BIT_CONVERSION = YES;
				GCC_WARN_ABOUT_RETURN_TYPE = YES_ERROR;
				GCC_WARN_UNDECLARED_SELECTOR = YES;
				GCC_WARN_UNINITIALIZED_AUTOS = YES_AGGRESSIVE;
				GCC_WARN_UNUSED_FUNCTION = YES;
				GCC_WARN_UNUSED_VARIABLE = YES;
				IPHONEOS_DEPLOYMENT_TARGET = 10.3;
				MTL_ENABLE_DEBUG_INFO = YES;
				ONLY_ACTIVE_ARCH = YES;
				SDKROOT = iphoneos;
				SWIFT_ACTIVE_COMPILATION_CONDITIONS = DEBUG;
				SWIFT_OPTIMIZATION_LEVEL = "-Onone";
			};
			name = Debug;
		};
		D442DEC71F22687B00DC0A1F /* Release */ = {
			isa = XCBuildConfiguration;
			buildSettings = {
				ALWAYS_SEARCH_USER_PATHS = NO;
				CLANG_ANALYZER_NONNULL = YES;
				CLANG_ANALYZER_NUMBER_OBJECT_CONVERSION = YES_AGGRESSIVE;
				CLANG_CXX_LANGUAGE_STANDARD = "gnu++0x";
				CLANG_CXX_LIBRARY = "libc++";
				CLANG_ENABLE_MODULES = YES;
				CLANG_ENABLE_OBJC_ARC = YES;
				CLANG_WARN_BOOL_CONVERSION = YES;
				CLANG_WARN_CONSTANT_CONVERSION = YES;
				CLANG_WARN_DIRECT_OBJC_ISA_USAGE = YES_ERROR;
				CLANG_WARN_DOCUMENTATION_COMMENTS = YES;
				CLANG_WARN_EMPTY_BODY = YES;
				CLANG_WARN_ENUM_CONVERSION = YES;
				CLANG_WARN_INFINITE_RECURSION = YES;
				CLANG_WARN_INT_CONVERSION = YES;
				CLANG_WARN_OBJC_ROOT_CLASS = YES_ERROR;
				CLANG_WARN_SUSPICIOUS_MOVE = YES;
				CLANG_WARN_UNREACHABLE_CODE = YES;
				CLANG_WARN__DUPLICATE_METHOD_MATCH = YES;
				"CODE_SIGN_IDENTITY[sdk=iphoneos*]" = "iPhone Developer";
				COPY_PHASE_STRIP = NO;
				DEBUG_INFORMATION_FORMAT = "dwarf-with-dsym";
				ENABLE_NS_ASSERTIONS = NO;
				ENABLE_STRICT_OBJC_MSGSEND = YES;
				GCC_C_LANGUAGE_STANDARD = gnu99;
				GCC_NO_COMMON_BLOCKS = YES;
				GCC_WARN_64_TO_32_BIT_CONVERSION = YES;
				GCC_WARN_ABOUT_RETURN_TYPE = YES_ERROR;
				GCC_WARN_UNDECLARED_SELECTOR = YES;
				GCC_WARN_UNINITIALIZED_AUTOS = YES_AGGRESSIVE;
				GCC_WARN_UNUSED_FUNCTION = YES;
				GCC_WARN_UNUSED_VARIABLE = YES;
				IPHONEOS_DEPLOYMENT_TARGET = 10.3;
				MTL_ENABLE_DEBUG_INFO = NO;
				SDKROOT = iphoneos;
				SWIFT_OPTIMIZATION_LEVEL = "-Owholemodule";
				VALIDATE_PRODUCT = YES;
			};
			name = Release;
		};
		D442DEC91F22687B00DC0A1F /* Debug */ = {
			isa = XCBuildConfiguration;
			buildSettings = {
				ASSETCATALOG_COMPILER_APPICON_NAME = AppIcon;
				DEVELOPMENT_TEAM = 3UUNPVRU82;
				INFOPLIST_FILE = CollapsibleTableViewDemo/Info.plist;
				LD_RUNPATH_SEARCH_PATHS = "$(inherited) @executable_path/Frameworks";
				PRODUCT_BUNDLE_IDENTIFIER = legonaftik.CollapsibleTableViewDemo;
				PRODUCT_NAME = "$(TARGET_NAME)";
				SWIFT_VERSION = 3.0;
			};
			name = Debug;
		};
		D442DECA1F22687B00DC0A1F /* Release */ = {
			isa = XCBuildConfiguration;
			buildSettings = {
				ASSETCATALOG_COMPILER_APPICON_NAME = AppIcon;
				DEVELOPMENT_TEAM = 3UUNPVRU82;
				INFOPLIST_FILE = CollapsibleTableViewDemo/Info.plist;
				LD_RUNPATH_SEARCH_PATHS = "$(inherited) @executable_path/Frameworks";
				PRODUCT_BUNDLE_IDENTIFIER = legonaftik.CollapsibleTableViewDemo;
				PRODUCT_NAME = "$(TARGET_NAME)";
				SWIFT_VERSION = 3.0;
			};
			name = Release;
		};
/* End XCBuildConfiguration section */

/* Begin XCConfigurationList section */
		D442DEB11F22687A00DC0A1F /* Build configuration list for PBXProject "CollapsibleTableViewDemo" */ = {
			isa = XCConfigurationList;
			buildConfigurations = (
				D442DEC61F22687B00DC0A1F /* Debug */,
				D442DEC71F22687B00DC0A1F /* Release */,
			);
			defaultConfigurationIsVisible = 0;
			defaultConfigurationName = Release;
		};
		D442DEC81F22687B00DC0A1F /* Build configuration list for PBXNativeTarget "CollapsibleTableViewDemo" */ = {
			isa = XCConfigurationList;
			buildConfigurations = (
				D442DEC91F22687B00DC0A1F /* Debug */,
				D442DECA1F22687B00DC0A1F /* Release */,
			);
			defaultConfigurationIsVisible = 0;
			defaultConfigurationName = Release;
		};
/* End XCConfigurationList section */
	};
	rootObject = D442DEAE1F22687A00DC0A1F /* Project object */;
}
